GEM
  remote: https://rubygems.org/
  specs:
    addressable (2.3.4)
    mime-types (1.23)
    power_assert (0.2.2)
    rack (2.0.3)
    rest-client (1.6.7)
      mime-types (>= 1.16)
    test-unit (3.0.8)
      power_assert

PLATFORMS
  ruby

DEPENDENCIES
  addressable (~> 2.3)
  rack
  rest-client (~> 1.3)
  test-unit

BUNDLED WITH
   1.14.6
